
Microsoft Visual Studio Solution File, Format Version 12.00
# Visual Studio Version 16
VisualStudioVersion = 16.0.30503.244
MinimumVisualStudioVersion = 10.0.40219.1
Project("{FAE04EC0-301F-11D3-BF4B-00C04F79EFBC}") = "basededatos601", "basededatos601.csproj", "{1107382B-3B0E-47D8-847D-63820177776D}"
EndProject
Global
	GlobalSection(SolutionConfigurationPlatforms) = preSolution
		Debug|Any CPU = Debug|Any CPU
		Release|Any CPU = Release|Any CPU
	EndGlobalSection
	GlobalSection(ProjectConfigurationPlatforms) = postSolution
		{1107382B-3B0E-47D8-847D-63820177776D}.Debug|Any CPU.ActiveCfg = Debug|Any CPU
		{1107382B-3B0E-47D8-847D-63820177776D}.Debug|Any CPU.Build.0 = Debug|Any CPU
		{1107382B-3B0E-47D8-847D-63820177776D}.Release|Any CPU.ActiveCfg = Release|Any CPU
		{1107382B-3B0E-47D8-847D-63820177776D}.Release|Any CPU.Build.0 = Release|Any CPU
	EndGlobalSection
	GlobalSection(SolutionProperties) = preSolution
		HideSolutionNode = FALSE
	EndGlobalSection
	GlobalSection(ExtensibilityGlobals) = postSolution
		SolutionGuid = {6ABD0FF3-1930-4839-A7AD-D09EA53CF1F2}
	EndGlobalSection
EndGlobal
